// !$*UTF8*$!
{
	archiveVersion = 1;
	classes = {
	};
	objectVersion = 46;
	objects = {

/* Begin PBXBuildFile section */
		630BA42C1D98DD8B004F0B22 /* Assets.xcassets in Resources */ = {isa = PBXBuildFile; fileRef = 630BA4271D98DD8B004F0B22 /* Assets.xcassets */; };
		630BA42D1D98DD8B004F0B22 /* AppDelegate.m in Sources */ = {isa = PBXBuildFile; fileRef = 630BA4281D98DD8B004F0B22 /* AppDelegate.m */; };
		630BA42E1D98DD8B004F0B22 /* main.m in Sources */ = {isa = PBXBuildFile; fileRef = 630BA42A1D98DD8B004F0B22 /* main.m */; };
		630BA4311D98DDE1004F0B22 /* MainMenu.xib in Resources */ = {isa = PBXBuildFile; fileRef = 630BA42F1D98DDE1004F0B22 /* MainMenu.xib */; };
/* End PBXBuildFile section */

/* Begin PBXFileReference section */
		630BA4271D98DD8B004F0B22 /* Assets.xcassets */ = {isa = PBXFileReference; lastKnownFileType = folder.assetcatalog; name = Assets.xcassets; path = CircleTimer/Assets.xcassets; sourceTree = SOURCE_ROOT; };
		630BA4281D98DD8B004F0B22 /* AppDelegate.m */ = {isa = PBXFileReference; fileEncoding = 4; lastKnownFileType = sourcecode.c.objc; name = AppDelegate.m; path = CircleTimer/AppDelegate.m; sourceTree = SOURCE_ROOT; };
		630BA4291D98DD8B004F0B22 /* AppDelegate.h */ = {isa = PBXFileReference; fileEncoding = 4; lastKnownFileType = sourcecode.c.h; name = AppDelegate.h; path = CircleTimer/AppDelegate.h; sourceTree = SOURCE_ROOT; };
		630BA42A1D98DD8B004F0B22 /* main.m */ = {isa = PBXFileReference; fileEncoding = 4; lastKnownFileType = sourcecode.c.objc; name = main.m; path = CircleTimer/main.m; sourceTree = SOURCE_ROOT; };
		630BA4301D98DDE1004F0B22 /* Base */ = {isa = PBXFileReference; lastKnownFileType = file.xib; name = Base; path = CircleTimer/Base.lproj/MainMenu.xib; sourceTree = "<group>"; };
		63EBE5CF1D9259530008B9F9 /* CircleTimer.app */ = {isa = PBXFileReference; explicitFileType = wrapper.application; includeInIndex = 0; path = CircleTimer.app; sourceTree = BUILT_PRODUCTS_DIR; };
/* End PBXFileReference section */

/* Begin PBXFrameworksBuildPhase section */
		63EBE5CC1D9259530008B9F9 /* Frameworks */ = {
			isa = PBXFrameworksBuildPhase;
			buildActionMask = 2147483647;
			files = (
			);
			runOnlyForDeploymentPostprocessing = 0;
		};
/* End PBXFrameworksBuildPhase section */

/* Begin PBXGroup section */
		63EBE5C61D9259530008B9F9 = {
			isa = PBXGroup;
			children = (
				63EBE5D11D9259530008B9F9 /* CircleTimer */,
				63EBE5D01D9259530008B9F9 /* Products */,
			);
			sourceTree = "<group>";
		};
		63EBE5D01D9259530008B9F9 /* Products */ = {
			isa = PBXGroup;
			children = (
				63EBE5CF1D9259530008B9F9 /* CircleTimer.app */,
			);
			name = Products;
			sourceTree = "<group>";
		};
		63EBE5D11D9259530008B9F9 /* CircleTimer */ = {
			isa = PBXGroup;
			children = (
				630BA42F1D98DDE1004F0B22 /* MainMenu.xib */,
				630BA4271D98DD8B004F0B22 /* Assets.xcassets */,
				630BA4281D98DD8B004F0B22 /* AppDelegate.m */,
				630BA4291D98DD8B004F0B22 /* AppDelegate.h */,
				63EBE5D51D9259530008B9F9 /* Supporting Files */,
			);
			path = CircleTimer;
			sourceTree = "<group>";
		};
		63EBE5D51D9259530008B9F9 /* Supporting Files */ = {
			isa = PBXGroup;
			children = (
				630BA42A1D98DD8B004F0B22 /* main.m */,
			);
			name = "Supporting Files";
			sourceTree = "<group>";
		};
/* End PBXGroup section */

/* Begin PBXNativeTarget section */
		63EBE5CE1D9259530008B9F9 /* CircleTimer */ = {
			isa = PBXNativeTarget;
			buildConfigurationList = 63EBE5E01D9259530008B9F9 /* Build configuration list for PBXNativeTarget "CircleTimer" */;
			buildPhases = (
				63EBE5CB1D9259530008B9F9 /* Sources */,
				63EBE5CC1D9259530008B9F9 /* Frameworks */,
				63EBE5CD1D9259530008B9F9 /* Resources */,
			);
			buildRules = (
			);
			dependencies = (
			);
			name = CircleTimer;
			productName = CircleTimer;
			productReference = 63EBE5CF1D9259530008B9F9 /* CircleTimer.app */;
			productType = "com.apple.product-type.application";
		};
/* End PBXNativeTarget section */

/* Begin PBXProject section */
		63EBE5C71D9259530008B9F9 /* Project object */ = {
			isa = PBXProject;
			attributes = {
				LastUpgradeCheck = 0800;
				ORGANIZATIONNAME = "David Burns";
				TargetAttributes = {
					63EBE5CE1D9259530008B9F9 = {
						CreatedOnToolsVersion = 8.0;
						DevelopmentTeam = 3XTJH74J58;
						ProvisioningStyle = Automatic;
					};
				};
			};
			buildConfigurationList = 63EBE5CA1D9259530008B9F9 /* Build configuration list for PBXProject "CircleTimer" */;
			compatibilityVersion = "Xcode 3.2";
			developmentRegion = English;
			hasScannedForEncodings = 0;
			knownRegions = (
				en,
				Base,
			);
			mainGroup = 63EBE5C61D9259530008B9F9;
			productRefGroup = 63EBE5D01D9259530008B9F9 /* Products */;
			projectDirPath = "";
			projectRoot = "";
			targets = (
				63EBE5CE1D9259530008B9F9 /* CircleTimer */,
			);
		};
/* End PBXProject section */

/* Begin PBXResourcesBuildPhase section */
		63EBE5CD1D9259530008B9F9 /* Resources */ = {
			isa = PBXResourcesBuildPhase;
			buildActionMask = 2147483647;
			files = (
				630BA42C1D98DD8B004F0B22 /* Assets.xcassets in Resources */,
				630BA4311D98DDE1004F0B22 /* MainMenu.xib in Resources */,
			);
			runOnlyForDeploymentPostprocessing = 0;
		};
/* End PBXResourcesBuildPhase section */

/* Begin PBXSourcesBuildPhase section */
		63EBE5CB1D9259530008B9F9 /* Sources */ = {
			isa = PBXSourcesBuildPhase;
			buildActionMask = 2147483647;
			files = (
				630BA42E1D98DD8B004F0B22 /* main.m in Sources */,
				630BA42D1D98DD8B004F0B22 /* AppDelegate.m in Sources */,
			);
			runOnlyForDeploymentPostprocessing = 0;
		};
/* End PBXSourcesBuildPhase section */

/* Begin PBXVariantGroup section */
		630BA42F1D98DDE1004F0B22 /* MainMenu.xib */ = {
			isa = PBXVariantGroup;
			children = (
				630BA4301D98DDE1004F0B22 /* Base */,
			);
			name = MainMenu.xib;
			path = ..;
			sourceTree = "<group>";
		};
/* End PBXVariantGroup section */

/* Begin XCBuildConfiguration section */
		63EBE5DE1D9259530008B9F9 /* Debug */ = {
			isa = XCBuildConfiguration;
			buildSettings = {
				ALWAYS_SEARCH_USER_PATHS = NO;
				CLANG_ANALYZER_NONNULL = YES;
				CLANG_CXX_LANGUAGE_STANDARD = "gnu++0x";
				CLANG_CXX_LIBRARY = "libc++";
				CLANG_ENABLE_MODULES = YES;
				CLANG_ENABLE_OBJC_ARC = YES;
				CLANG_WARN_BOOL_CONVERSION = YES;
				CLANG_WARN_CONSTANT_CONVERSION = YES;
				CLANG_WARN_DIRECT_OBJC_ISA_USAGE = YES_ERROR;
				CLANG_WARN_DOCUMENTATION_COMMENTS = YES;
				CLANG_WARN_EMPTY_BODY = YES;
				CLANG_WARN_ENUM_CONVERSION = YES;
				CLANG_WARN_INFINITE_RECURSION = YES;
				CLANG_WARN_INT_CONVERSION = YES;
				CLANG_WARN_OBJC_ROOT_CLASS = YES_ERROR;
				CLANG_WARN_SUSPICIOUS_MOVES = YES;
				CLANG_WARN_UNREACHABLE_CODE = YES;
				CLANG_WARN__DUPLICATE_METHOD_MATCH = YES;
				CODE_SIGN_IDENTITY = "-";
				COPY_PHASE_STRIP = NO;
				DEBUG_INFORMATION_FORMAT = dwarf;
				ENABLE_STRICT_OBJC_MSGSEND = YES;
				ENABLE_TESTABILITY = YES;
				GCC_C_LANGUAGE_STANDARD = gnu99;
				GCC_DYNAMIC_NO_PIC = NO;
				GCC_NO_COMMON_BLOCKS = YES;
				GCC_OPTIMIZATION_LEVEL = 0;
				GCC_PREPROCESSOR_DEFINITIONS = (
					"DEBUG=1",
					"$(inherited)",
				);
				GCC_WARN_64_TO_32_BIT_CONVERSION = YES;
				GCC_WARN_ABOUT_RETURN_TYPE = YES_ERROR;
				GCC_WARN_UNDECLARED_SELECTOR = YES;
				GCC_WARN_UNINITIALIZED_AUTOS = YES_AGGRESSIVE;
				GCC_WARN_UNUSED_FUNCTION = YES;
				GCC_WARN_UNUSED_VARIABLE = YES;
				MACOSX_DEPLOYMENT_TARGET = 10.12;
				MTL_ENABLE_DEBUG_INFO = YES;
				ONLY_ACTIVE_ARCH = YES;
				SDKROOT = macosx;
			};
			name = Debug;
		};
		63EBE5DF1D9259530008B9F9 /* Release */ = {
			isa = XCBuildConfiguration;
			buildSettings = {
				ALWAYS_SEARCH_USER_PATHS = NO;
				CLANG_ANALYZER_NONNULL = YES;
				CLANG_CXX_LANGUAGE_STANDARD = "gnu++0x";
				CLANG_CXX_LIBRARY = "libc++";
				CLANG_ENABLE_MODULES = YES;
				CLANG_ENABLE_OBJC_ARC = YES;
				CLANG_WARN_BOOL_CONVERSION = YES;
				CLANG_WARN_CONSTANT_CONVERSION = YES;
				CLANG_WARN_DIRECT_OBJC_ISA_USAGE = YES_ERROR;
				CLANG_WARN_DOCUMENTATION_COMMENTS = YES;
				CLANG_WARN_EMPTY_BODY = YES;
				CLANG_WARN_ENUM_CONVERSION = YES;
				CLANG_WARN_INFINITE_RECURSION = YES;
				CLANG_WARN_INT_CONVERSION = YES;
				CLANG_WARN_OBJC_ROOT_CLASS = YES_ERROR;
				CLANG_WARN_SUSPICIOUS_MOVES = YES;
				CLANG_WARN_UNREACHABLE_CODE = YES;
				CLANG_WARN__DUPLICATE_METHOD_MATCH = YES;
				CODE_SIGN_IDENTITY = "-";
				COPY_PHASE_STRIP = NO;
				DEBUG_INFORMATION_FORMAT = "dwarf-with-dsym";
				ENABLE_NS_ASSERTIONS = NO;
				ENABLE_STRICT_OBJC_MSGSEND = YES;
				GCC_C_LANGUAGE_STANDARD = gnu99;
				GCC_NO_COMMON_BLOCKS = YES;
				GCC_WARN_64_TO_32_BIT_CONVERSION = YES;
				GCC_WARN_ABOUT_RETURN_TYPE = YES_ERROR;
				GCC_WARN_UNDECLARED_SELECTOR = YES;
				GCC_WARN_UNINITIALIZED_AUTOS = YES_AGGRESSIVE;
				GCC_WARN_UNUSED_FUNCTION = YES;
				GCC_WARN_UNUSED_VARIABLE = YES;
				MACOSX_DEPLOYMENT_TARGET = 10.12;
				MTL_ENABLE_DEBUG_INFO = NO;
				SDKROOT = macosx;
			};
			name = Release;
		};
		63EBE5E11D9259530008B9F9 /* Debug */ = {
			isa = XCBuildConfiguration;
			buildSettings = {
				ASSETCATALOG_COMPILER_APPICON_NAME = AppIcon;
				CODE_SIGN_IDENTITY = "";
				COMBINE_HIDPI_IMAGES = YES;
				DEVELOPMENT_TEAM = 3XTJH74J58;
				INFOPLIST_FILE = CircleTimer/Info.plist;
				LD_RUNPATH_SEARCH_PATHS = "$(inherited) @executable_path/../Frameworks";
				PRODUCT_BUNDLE_IDENTIFIER = DB.CircleTimer;
				PRODUCT_NAME = "$(TARGET_NAME)";
			};
			name = Debug;
		};
		63EBE5E21D9259530008B9F9 /* Release */ = {
			isa = XCBuildConfiguration;
			buildSettings = {
				ASSETCATALOG_COMPILER_APPICON_NAME = AppIcon;
				CODE_SIGN_IDENTITY = "";
				COMBINE_HIDPI_IMAGES = YES;
				DEVELOPMENT_TEAM = 3XTJH74J58;
				INFOPLIST_FILE = CircleTimer/Info.plist;
				LD_RUNPATH_SEARCH_PATHS = "$(inherited) @executable_path/../Frameworks";
				PRODUCT_BUNDLE_IDENTIFIER = DB.CircleTimer;
				PRODUCT_NAME = "$(TARGET_NAME)";
			};
			name = Release;
		};
/* End XCBuildConfiguration section */

/* Begin XCConfigurationList section */
		63EBE5CA1D9259530008B9F9 /* Build configuration list for PBXProject "CircleTimer" */ = {
			isa = XCConfigurationList;
			buildConfigurations = (
				63EBE5DE1D9259530008B9F9 /* Debug */,
				63EBE5DF1D9259530008B9F9 /* Release */,
			);
			defaultConfigurationIsVisible = 0;
			defaultConfigurationName = Release;
		};
		63EBE5E01D9259530008B9F9 /* Build configuration list for PBXNativeTarget "CircleTimer" */ = {
			isa = XCConfigurationList;
			buildConfigurations = (
				63EBE5E11D9259530008B9F9 /* Debug */,
				63EBE5E21D9259530008B9F9 /* Release */,
			);
			defaultConfigurationIsVisible = 0;
			defaultConfigurationName = Release;
		};
/* End XCConfigurationList section */
	};
	rootObject = 63EBE5C71D9259530008B9F9 /* Project object */;
}
